sessions:
  529384-1c07dea4-76cf-4d42-8e12-6295ce521480:
    session_id: 529384-1c07dea4-76cf-4d42-8e12-6295ce521480
    user_name: Joe Mooney
    hostname: imac
    pid: 529384
    started_at: 2025-12-11T03:31:15.294690292Z
    last_heartbeat: 2025-12-11T04:06:56.411021287Z
    editing_requirement: null
  489782-426c360e-8118-4fc9-9cd6-311fbd75c34c:
    session_id: 489782-426c360e-8118-4fc9-9cd6-311fbd75c34c
    user_name: Joe Mooney
    hostname: imac
    pid: 489782
    started_at: 2025-12-10T23:40:49.958616734Z
    last_heartbeat: 2025-12-11T04:06:55.291249237Z
    editing_requirement: null
